Microsoft Visual Studio Solution File, Format Version 12.00
# Visual Studio Version 17
VisualStudioVersion = 17.5.2.0
MinimumVisualStudioVersion = 10.0.40219.1
Project("{FAE04EC0-301F-11D3-BF4B-00C04F79EFBC}") = "SameSpot", "SameSpot.csproj", "{83EF53C2-2DF8-46D0-AF92-1404CCFFC4AE}"
EndProject
Global
	GlobalSection(SolutionConfigurationPlatforms) = preSolution
		Debug|Any CPU = Debug|Any CPU
		Release|Any CPU = Release|Any CPU
	EndGlobalSection
	GlobalSection(ProjectConfigurationPlatforms) = postSolution
		{83EF53C2-2DF8-46D0-AF92-1404CCFFC4AE}.Debug|Any CPU.ActiveCfg = Debug|Any CPU
		{83EF53C2-2DF8-46D0-AF92-1404CCFFC4AE}.Debug|Any CPU.Build.0 = Debug|Any CPU
		{83EF53C2-2DF8-46D0-AF92-1404CCFFC4AE}.Release|Any CPU.ActiveCfg = Release|Any CPU
		{83EF53C2-2DF8-46D0-AF92-1404CCFFC4AE}.Release|Any CPU.Build.0 = Release|Any CPU
	EndGlobalSection
	GlobalSection(SolutionProperties) = preSolution
		HideSolutionNode = FALSE
	EndGlobalSection
	GlobalSection(ExtensibilityGlobals) = postSolution
		SolutionGuid = {4F79B0A6-2DA3-42AD-9856-A97B4CB23622}
	EndGlobalSection
EndGlobal
